
Microsoft Visual Studio Solution File, Format Version 12.00
# Visual Studio Version 17
VisualStudioVersion = 17.12.35527.113 d17.12
MinimumVisualStudioVersion = 10.0.40219.1
Project("{FAE04EC0-301F-11D3-BF4B-00C04F79EFBC}") = "Exercicio22Divisores", "Exercicio22Divisores\Exercicio22Divisores.csproj", "{B4BD6A34-375A-4A84-89BE-82EBB5217859}"
EndProject
Global
	GlobalSection(SolutionConfigurationPlatforms) = preSolution
		Debug|Any CPU = Debug|Any CPU
		Release|Any CPU = Release|Any CPU
	EndGlobalSection
	GlobalSection(ProjectConfigurationPlatforms) = postSolution
		{B4BD6A34-375A-4A84-89BE-82EBB5217859}.Debug|Any CPU.ActiveCfg = Debug|Any CPU
		{B4BD6A34-375A-4A84-89BE-82EBB5217859}.Debug|Any CPU.Build.0 = Debug|Any CPU
		{B4BD6A34-375A-4A84-89BE-82EBB5217859}.Release|Any CPU.ActiveCfg = Release|Any CPU
		{B4BD6A34-375A-4A84-89BE-82EBB5217859}.Release|Any CPU.Build.0 = Release|Any CPU
	EndGlobalSection
	GlobalSection(SolutionProperties) = preSolution
		HideSolutionNode = FALSE
	EndGlobalSection
EndGlobal
